[root]
name = "scan_calc"
version = "0.5.0"
dependencies = [
 "scan 0.5.2 (git+https://github.com/DanielKeep/rust-scan.git)",
 "scan_util 0.5.0 (git+https://github.com/DanielKeep/rust-scan-util.git)",
]

[[package]]
name = "scan"
version = "0.5.2"
source = "git+https://github.com/DanielKeep/rust-scan.git#e10f59b55167ce0d863a79190f91bb4012ccd855"
dependencies = [
 "scan_util 0.5.0 (git+https://github.com/DanielKeep/rust-scan-util.git)",
]

[[package]]
name = "scan_util"
version = "0.5.0"
source = "git+https://github.com/DanielKeep/rust-scan-util.git#0fd2a30d2d4c3ef5b79e3ebb5b8d80235c89da87"

